github.com/bahlo/generic-list-go v0.2.0 h1:5sz/EEAK+ls5wF+NeqDpk5+iNdMDXrh3z3nPnH1Wvgk=
github.com/bahlo/generic-list-go v0.2.0/go.mod h1:2KvAjgMlE5NNynlg/5iLrrCCZ2+5xWbdbCW3pNTGyYg=
github.com/buger/jsonparser v1.1.1 h1:2PnMjfWD7wBILjqQbt530v576A/cAbQvEW9gGIpYMUs=
github.com/buger/jsonparser v1.1.1/go.mod h1:6RYKKt7H4d4+iWqouImQ9R2FZql3VbhNgx27UK13J/0=
github.com/cenkalti/backoff v2.2.1+incompatible h1:tNowT99t7UNflLxfYYSlKYsBpXdEet03Pg2g16Swow4=
github.com/cenkalti/backoff/v4 v4.3.0 h1:MyRJ/UdXutAwSAT+s3wNd7MfTIcy71VQueUuFK343L8=
github.com/cenkalti/backoff/v4 v4.3.0/go.mod h1:Y3VNntkOUPxTVeUxJ/G5vcM//AlwfmyYozVcomhLiZE=
github.com/cenkalti/backoff/v5 v5.0.2 h1:rIfFVxEf1QsI7E1ZHfp/B4DF/6QBAUhmgkxc0H7Zss8=
github.com/cenkalti/backoff/v5 v5.0.2/go.mod h1:rkhZdG3JZukswDf7f0cwqPNk4K0sa+F97BxZthm/crw=
github.com/davecgh/go-spew v1.1.0/go.mod h1:J7Y8YcW2NihsgmVo/mv3lAwl/skON4iLHjSsI+c5H38=
github.com/davecgh/go-spew v1.1.1/go.mod h1:J7Y8YcW2NihsgmVo/mv3lAwl/skON4iLHjSsI+c5H38=
github.com/davecgh/go-spew v1.1.2-0.20180830191138-d8f796af33cc h1:U9qPSI2PIWSS1VwoXQT9A3Wy9MM3WgvqSxFWenqJduM=
github.com/davecgh/go-spew v1.1.2-0.20180830191138-d8f796af33cc/go.mod h1:J7Y8YcW2NihsgmVo/mv3lAwl/skON4iLHjSsI+c5H38=
github.com/fsnotify/fsnotify v1.8.0 h1:dAwr6QBTBZIkG8roQaJjGof0pp0EeF+tNV7YBP3F/8M=
github.com/fsnotify/fsnotify v1.8.0/go.mod h1:8jBTzvmWwFyi3Pb8djgCCO5IBqzKJ/Jwo8TRcHyHii0=
github.com/fsnotify/fsnotify v1.9.0 h1:2Ml+OJNzbYCTzsxtv8vKSFD9PbJjmhYF14k/jKC7S9k=
github.com/fsnotify/fsnotify v1.9.0/go.mod h1:8jBTzvmWwFyi3Pb8djgCCO5IBqzKJ/Jwo8TRcHyHii0=
github.com/go-logr/logr v1.2.2/go.mod h1:jdQByPbusPIv2/zmleS9BjJVeZ6kBagPoEUsqbVz/1A=
github.com/go-logr/logr v1.4.2 h1:6pFjapn8bFcIbiKo3XT4j/BhANplGihG6tvd+8rYgrY=
github.com/go-logr/logr v1.4.2/go.mod h1:9T104GzyrTigFIr8wt5mBrctHMim0Nb2HLGrmQ40KvY=
github.com/go-logr/logr v1.4.3 h1:CjnDlHq8ikf6E492q6eKboGOC0T8CDaOvkHCIg8idEI=
github.com/go-logr/logr v1.4.3/go.mod h1:9T104GzyrTigFIr8wt5mBrctHMim0Nb2HLGrmQ40KvY=
github.com/go-logr/stdr v1.2.2 h1:hSWxHoqTgW2S2qGc0LTAI563KZ5YKYRhT3MFKZMbjag=
github.com/go-logr/stdr v1.2.2/go.mod h1:mMo/vtBO5dYbehREoey6XUKy/eSumjCCveDpRre4VKE=
github.com/go-viper/mapstructure/v2 v2.2.1 h1:ZAaOCxANMuZx5RCeg0mBdEZk7DZasvvZIxtHqx8aGss=
github.com/go-viper/mapstructure/v2 v2.2.1/go.mod h1:oJDH3BJKyqBA2TXFhDsKDGDTlndYOZ6rGS0BRZIxGhM=
github.com/golang/protobuf v1.5.4 h1:i7eJL8qZTpSEXOPTxNKhASYpMn+8e5Q6AdndVa1dWek=
github.com/golang/protobuf v1.5.4/go.mod h1:lnTiLA8Wa4RWRcIUkrtSVa5nRhsEGBg48fD6rSs7xps=
github.com/google/go-cmp v0.6.0 h1:ofyhxvXcZhMsU5ulbFiLKl/XBFqE1GSq7atu8tAmTRI=
github.com/google/go-cmp v0.6.0/go.mod h1:17dUlkBOakJ0+DkrSSNjCkIjxS6bF9zb3elmeNGIjoY=
github.com/google/uuid v1.6.0 h1:NIvaJDMOsjHA8n1jAhLSgzrAzy1Hgr+hNrb57e+94F0=
github.com/google/uuid v1.6.0/go.mod h1:TIyPZe4MgqvfeYDBFedMoGGpEw/LqOeaOT+nhxU+yHo=
github.com/grpc-ecosystem/grpc-gateway/v2 v2.24.0 h1:TmHmbvxPmaegwhDubVz0lICL0J5Ka2vwTzhoePEXsGE=
github.com/grpc-ecosystem/grpc-gateway/v2 v2.24.0/go.mod h1:qztMSjm835F2bXf+5HKAPIS5qsmQDqZna/PgVt4rWtI=
github.com/grpc-ecosystem/grpc-gateway/v2 v2.25.1 h1:VNqngBF40hVlDloBruUehVYC3ArSgIyScOAyMRqBxRg=
github.com/grpc-ecosystem/grpc-gateway/v2 v2.25.1/go.mod h1:RBRO7fro65R6tjKzYgLAFo0t1QEXY1Dp+i/bvpRiqiQ=
github.com/grpc-ecosystem/grpc-gateway/v2 v2.26.0 h1:VD1gqscl4nYs1YxVuSdemTrSgTKrwOWDK0FVFMqm+Cg=
github.com/grpc-ecosystem/grpc-gateway/v2 v2.26.0/go.mod h1:4EgsQoS4TOhJizV+JTFg40qx1Ofh3XmXEQNBpgvNT40=
github.com/grpc-ecosystem/grpc-gateway/v2 v2.26.1 h1:e9Rjr40Z98/clHv5Yg79Is0NtosR5LXRvdr7o/6NwbA=
github.com/grpc-ecosystem/grpc-gateway/v2 v2.26.1/go.mod h1:tIxuGz/9mpox++sgp9fJjHO0+q1X9/UOWd798aAm22M=
github.com/grpc-ecosystem/grpc-gateway/v2 v2.26.3 h1:5ZPtiqj0JL5oKWmcsq4VMaAW5ukBEgSGXEN89zeH1Jo=
github.com/grpc-ecosystem/grpc-gateway/v2 v2.26.3/go.mod h1:ndYquD05frm2vACXE1nsccT4oJzjhw2arTS2cpUD1PI=
github.com/grpc-ecosystem/grpc-gateway/v2 v2.27.1 h1:X5VWvz21y3gzm9Nw/kaUeku/1+uBhcekkmy4IkffJww=
github.com/grpc-ecosystem/grpc-gateway/v2 v2.27.1/go.mod h1:Zanoh4+gvIgluNqcfMVTJueD4wSS5hT7zTt4Mrutd90=
github.com/invopop/jsonschema v0.13.0 h1:KvpoAJWEjR3uD9Kbm2HWJmqsEaHt8lBUpd0qHcIi21E=
github.com/invopop/jsonschema v0.13.0/go.mod h1:ffZ5Km5SWWRAIN6wbDXItl95euhFz2uON45H2qjYt+0=
github.com/invopop/yaml v0.3.1 h1:f0+ZpmhfBSS4MhG+4HYseMdJhoeeopbSKbq5Rpeelso=
github.com/invopop/yaml v0.3.1/go.mod h1:PMOp3nn4/12yEZUFfmOuNHJsZToEEOwoWsT+D81KkeA=
github.com/josharian/intern v1.0.0/go.mod h1:5DoeVV0s6jJacbCEi61lwdGj/aVlrQvzHFFd8Hwg//Y=
github.com/knadh/koanf/maps v0.1.1 h1:G5TjmUh2D7G2YWf5SQQqSiHRJEjaicvU0KpypqB3NIs=
github.com/knadh/koanf/maps v0.1.1/go.mod h1:npD/QZY3V6ghQDdcQzl1W4ICNVTkohC8E73eI2xW4yI=
github.com/knadh/koanf/maps v0.1.2 h1:RBfmAW5CnZT+PJ1CVc1QSJKf4Xu9kxfQgYVQSu8hpbo=
github.com/knadh/koanf/maps v0.1.2/go.mod h1:npD/QZY3V6ghQDdcQzl1W4ICNVTkohC8E73eI2xW4yI=
github.com/knadh/koanf/parsers/yaml v0.1.0 h1:ZZ8/iGfRLvKSaMEECEBPM1HQslrZADk8fP1XFUxVI5w=
github.com/knadh/koanf/parsers/yaml v0.1.0/go.mod h1:cvbUDC7AL23pImuQP0oRw/hPuccrNBS2bps8asS0CwY=
github.com/knadh/koanf/parsers/yaml v1.0.0 h1:PXyeHCRhAMKyfLJaoTWsqUTxIFeDMmdAKz3XVEslZV4=
github.com/knadh/koanf/parsers/yaml v1.0.0/go.mod h1:Q63VAOh/s6XaQs6a0TB2w9GFUuuPGvfYrCSWb9eWAQU=
github.com/knadh/koanf/providers/env v1.0.0 h1:ufePaI9BnWH+ajuxGGiJ8pdTG0uLEUWC7/HDDPGLah0=
github.com/knadh/koanf/providers/env v1.0.0/go.mod h1:mzFyRZueYhb37oPmC1HAv/oGEEuyvJDA98r3XAa8Gak=
github.com/knadh/koanf/providers/env v1.1.0 h1:U2VXPY0f+CsNDkvdsG8GcsnK4ah85WwWyJgef9oQMSc=
github.com/knadh/koanf/providers/env v1.1.0/go.mod h1:QhHHHZ87h9JxJAn2czdEl6pdkNnDh/JS1Vtsyt65hTY=
github.com/knadh/koanf/providers/env/v2 v2.0.0/go.mod h1:1g01PE+Ve1gBfWNNw2wmULRP0tc8RJrjn5p2N/jNCIc=
github.com/knadh/koanf/providers/file v1.1.2 h1:aCC36YGOgV5lTtAFz2qkgtWdeQsgfxUkxDOe+2nQY3w=
github.com/knadh/koanf/providers/file v1.1.2/go.mod h1:/faSBcv2mxPVjFrXck95qeoyoZ5myJ6uxN8OOVNJJCI=
github.com/knadh/koanf/providers/file v1.2.0 h1:hrUJ6Y9YOA49aNu/RSYzOTFlqzXSCpmYIDXI7OJU6+U=
github.com/knadh/koanf/providers/file v1.2.0/go.mod h1:bp1PM5f83Q+TOUu10J/0ApLBd9uIzg+n9UgthfY+nRA=
github.com/knadh/koanf/v2 v2.1.2 h1:I2rtLRqXRy1p01m/utEtpZSSA6dcJbgGVuE27kW2PzQ=
github.com/knadh/koanf/v2 v2.1.2/go.mod h1:Gphfaen0q1Fc1HTgJgSTC4oRX9R2R5ErYMZJy8fLJBo=
github.com/knadh/koanf/v2 v2.2.0 h1:FZFwd9bUjpb8DyCWARUBy5ovuhDs1lI87dOEn2K8UVU=
github.com/knadh/koanf/v2 v2.2.0/go.mod h1:PSFru3ufQgTsI7IF+95rf9s8XA1+aHxKuO/W+dPoHEY=
github.com/knadh/koanf/v2 v2.2.1 h1:jaleChtw85y3UdBnI0wCqcg1sj1gPoz6D3caGNHtrNE=
github.com/knadh/koanf/v2 v2.2.1/go.mod h1:PSFru3ufQgTsI7IF+95rf9s8XA1+aHxKuO/W+dPoHEY=
github.com/kr/pretty v0.3.1 h1:flRD4NNwYAUpkphVc1HcthR4KEIFJ65n8Mw5qdRn3LE=
github.com/kr/pretty v0.3.1/go.mod h1:hoEshYVHaxMs3cyo3Yncou5ZscifuDolrwPKZanG3xk=
github.com/kr/pty v1.1.1/go.mod h1:pFQYn66WHrOpPYNljwOMqo10TkYh1fy3cYio2l3bCsQ=
github.com/kr/text v0.1.0/go.mod h1:4Jbv+DJW3UT/LiOwJeYQe1efqtUx/iVham/4vfdArNI=
github.com/kr/text v0.2.0 h1:5Nx0Ya0ZqY2ygV366QzturHI13Jq95ApcVaJBhpS+AY=
github.com/kr/text v0.2.0/go.mod h1:eLer722TekiGuMkidMxC/pM04lWEeraHUUmBw8l2grE=
github.com/mailru/easyjson v0.7.7 h1:UGYAvKxe3sBsEDzO8ZeWOSlIQfWFlxbzLZe7hwFURr0=
github.com/mailru/easyjson v0.7.7/go.mod h1:xzfreul335JAWq5oZzymOObrkdz5UnU4kGfJJLY9Nlc=
github.com/mailru/easyjson v0.9.0 h1:PrnmzHw7262yW8sTBwxi1PdJA3Iw/EKBa8psRf7d9a4=
github.com/mailru/easyjson v0.9.0/go.mod h1:1+xMtQp2MRNVL/V1bOzuP3aP8VNwRW55fQUto+XFtTU=
github.com/mcuadros/go-defaults v1.2.0 h1:FODb8WSf0uGaY8elWJAkoLL0Ri6AlZ1bFlenk56oZtc=
github.com/mcuadros/go-defaults v1.2.0/go.mod h1:WEZtHEVIGYVDqkKSWBdWKUVdRyKlMfulPaGDWIVeCWY=
github.com/mitchellh/copystructure v1.2.0 h1:vpKXTN4ewci03Vljg/q9QvCGUDttBOGBIa15WveJJGw=
github.com/mitchellh/copystructure v1.2.0/go.mod h1:qLl+cE2AmVv+CoeAwDPye/v+N2HKCj9FbZEVFJRxO9s=
github.com/mitchellh/reflectwalk v1.0.2 h1:G2LzWKi524PWgd3mLHV8Y5k7s6XUvT0Gef6zxSIeXaQ=
github.com/mitchellh/reflectwalk v1.0.2/go.mod h1:mSTlrgnPZtwu0c4WaC2kGObEpuNDbx0jmZXqmk4esnw=
github.com/niemeyer/pretty v0.0.0-20200227124842-a10e7caefd8e/go.mod h1:zD1mROLANZcx1PVRCS0qkT7pwLkGfwJo4zjcN/Tysno=
github.com/pmezard/go-difflib v1.0.0/go.mod h1:iKH77koFhYxTK1pcRnkKkqfTogsbg7gZNVY4sRDYZ/4=
github.com/pmezard/go-difflib v1.0.1-0.20181226105442-5d4384ee4fb2 h1:Jamvg5psRIccs7FGNTlIRMkT8wgtp5eCXdBlqhYGL6U=
github.com/pmezard/go-difflib v1.0.1-0.20181226105442-5d4384ee4fb2/go.mod h1:iKH77koFhYxTK1pcRnkKkqfTogsbg7gZNVY4sRDYZ/4=
github.com/rogpeppe/go-internal v1.13.1 h1:KvO1DLK/DRN07sQ1LQKScxyZJuNnedQ5/wKSR38lUII=
github.com/rogpeppe/go-internal v1.13.1/go.mod h1:uMEvuHeurkdAXX61udpOXGD/AzZDWNMNyH2VO9fmH0o=
github.com/stoewer/go-strcase v1.3.0 h1:g0eASXYtp+yvN9fK8sH94oCIk0fau9uV1/ZdJ0AVEzs=
github.com/stoewer/go-strcase v1.3.0/go.mod h1:fAH5hQ5pehh+j3nZfvwdk2RgEgQjAoM8wodgtPmh1xo=
github.com/stretchr/objx v0.1.0/go.mod h1:HFkY916IF+rwdDfMAkV7OtwuqBVzrE8GR6GFx+wExME=
github.com/stretchr/objx v0.4.0/go.mod h1:YvHI0jy2hoMjB+UWwv71VJQ9isScKT/TqJzVSSt89Yw=
github.com/stretchr/objx v0.5.0/go.mod h1:Yh+to48EsGEfYuaHDzXPcE3xhTkx73EhmCGUpEOglKo=
github.com/stretchr/testify v1.7.1/go.mod h1:6Fq8oRcR53rry900zMqJjRRixrwX3KX962/h/Wwjteg=
github.com/stretchr/testify v1.8.0/go.mod h1:yNjHg4UonilssWZ8iaSj1OCr/vHnekPRkoO+kdMU+MU=
github.com/stretchr/testify v1.8.1/go.mod h1:w2LPCIKwWwSfY2zedu0+kehJoqGctiVI29o6fzry7u4=
github.com/stretchr/testify v1.10.0 h1:Xv5erBjTwe/5IxqUQTdXv5kgmIvbHo3QQyRwhJsOfJA=
github.com/stretchr/testify v1.10.0/go.mod h1:r2ic/lqez/lEtzL7wO/rwa5dbSLXVDPFyf8C91i36aY=
github.com/theopenlane/beacon v0.1.1 h1:68a5Hg0vYMJMBzY9NEXt8rLDpnZrgl7VKaNsvHubaMQ=
github.com/theopenlane/beacon v0.1.1/go.mod h1:sDcVNfCL7XpLuZ2Gq5Fy1h87mcZbtEGPiDur7r0R0bA=
github.com/theopenlane/beacon v0.2.0 h1:StSav4pU0w91wQXpod1CEJvDGQv+0tJp4ou644aOLX8=
github.com/theopenlane/beacon v0.2.0/go.mod h1:YfeRuvlr29USDme4oQm+T6eOhO6R3Hidh7GvY2TxxFs=
github.com/theopenlane/core v0.6.7 h1:vvQabM6Fm9eelTfkB5fWh9RgO2ZieIwcMnGVVXPuLMw=
github.com/theopenlane/core v0.6.7/go.mod h1:2jKP6usI/2zvU17sLxCPiRN8f/97furypfbjNi1s6J0=
github.com/theopenlane/core v0.6.10 h1:9tNLvJkSeFP8Z5LfTfMmT++q7F2Y93hnuJaRxK8u91E=
github.com/theopenlane/core v0.6.10/go.mod h1:0rBDO4IZrtvNLYT2P7B9U7Ub4BeDD5oAuhAgrhQfJw8=
github.com/theopenlane/core v0.6.13 h1:vHWmHbhxLtANqhX0Do//YnJf4IxVgD+c8gy0PVPvt0w=
github.com/theopenlane/core v0.6.13/go.mod h1:XOHOu1y/XiQD4obxiOPC6EwYBj+vkOol+WVOBDfOcV0=
github.com/theopenlane/core v0.6.15 h1:A96G3B5Mer/G7sk8C8zvOaPjRCTJvREkrXxGpBqAlb0=
github.com/theopenlane/core v0.6.15/go.mod h1:V+mjDRtjWi0ldfgEPBmvs0NJI3zumSiMJA2YcWCrC3Y=
github.com/theopenlane/core v0.6.17 h1:rrTnWr4vH1yHe470Efac9jVSzGsR8KEUnGbF4RaFXws=
github.com/theopenlane/core v0.6.17/go.mod h1:GbEm58QFojTRBNtpdpITxjvDk6Zy2DVJ3H0e+WyKoas=
github.com/theopenlane/core v0.6.20 h1:IltUA1ObLu3I0xcDuxmvEsLM78Kgou5C2w83xvds1mM=
github.com/theopenlane/core v0.6.20/go.mod h1:NWogqQ4pq2KWC0VKEmDyRdaP4Yq8MoY7ITzirF3f63c=
github.com/theopenlane/core v0.6.22 h1:MchTwm0zx0vIszJqb/OaeiiTTlCljDDxA64PiLHsFqo=
github.com/theopenlane/core v0.6.22/go.mod h1:x6/L5Fku3Dt9CeugFuyK94hTtmgb6VHw3eSI/kSfeYc=
github.com/theopenlane/core v0.6.23 h1:UrCTvMtPCYFOZDf/61DRLmiq+9emnNbWQTHMe8XwWlk=
github.com/theopenlane/core v0.6.23/go.mod h1:goLjJSg30g85KDzSqjbmv4J7BG3OhsLdHozW92+KjrQ=
github.com/theopenlane/core v0.6.24 h1:4rPWfH75Lqk2ojywQtofkwCSxAoRYYCu+qfz8hTG6dk=
github.com/theopenlane/core v0.6.24/go.mod h1:9qnhJnV0Or5ujHuZsov5bSFLedVevdUYAw1KvkcqwJc=
github.com/theopenlane/core v0.7.1 h1:Fvvj5vj4smRKjb0OME03HN+95bKgFhLjU+D9/69QBl0=
github.com/theopenlane/core v0.7.1/go.mod h1:IvcFXTRgfgIKgfoGfHLnhmZmdMWIKiGR567zp4/knLs=
github.com/theopenlane/core v0.7.2 h1:FkIHIEAxrHbrIgNZkMiUjqGYX0cqSsPSBYdfyXcKcg4=
github.com/theopenlane/core v0.7.2/go.mod h1:vedr2pX6psHRFtOVHRGkT5GYczyrpP7FSNKS3ZnLojI=
github.com/theopenlane/core v0.7.3 h1:6KHvyThcQlIWJDt3rMMLhDjBVB1HLPKXYQ8g7ZvV2Uk=
github.com/theopenlane/core v0.7.3/go.mod h1:vG5r5MIfk2xp/YLavUiieQI8DGDqrCSQXKUhbdxnR6Y=
github.com/theopenlane/core v0.7.4 h1:GsdihupT/RcW0JIRkwOwuIqY7tsHUakrd8OkSqNmXOE=
github.com/theopenlane/core v0.7.4/go.mod h1:OuHSdjLl60lsDHuTmWLWb4dbAfvUmk1szRWL0KtfNak=
github.com/theopenlane/core v0.7.5 h1:DrfDmLTAUPzZaqQSqaPhj1gCXIOfpc8skCNZkVzl9vk=
github.com/theopenlane/core v0.7.5/go.mod h1:fh7zvKBvzZZcSLjGknEohI92yEWzexc21T+E4Fq6odE=
github.com/theopenlane/core v0.8.0 h1:dMUiWpGdexJyWdKYPBB/0vCJvmpAyPsplljoYHW00vs=
github.com/theopenlane/core v0.8.0/go.mod h1:Rwa7z46VvV/dA9NO3rzuKwgIG94xtMTZLTpHjAXgg7c=
github.com/theopenlane/core v0.8.1 h1:EVEVwbiFV1U607XVeMp1dnUwdgXVxv/Cn13k3IQf5Bk=
github.com/theopenlane/core v0.8.1/go.mod h1:Sg2v0zBRY7zW7r8qe316+CPT0fQXKBAskGhbcppA8bQ=
github.com/theopenlane/core v0.8.2 h1:40Ve8VisRNHz0cW7dRVkNX6lfcVIuPEXAODcRdDxVtY=
github.com/theopenlane/core v0.8.2/go.mod h1:Vye2ZhJIrVSOFmgZcM7OPlrBhbfWZ9+nKwMmsGJQP78=
github.com/theopenlane/core v0.8.4 h1:xMl0c87Rq8nGg4W4SfnC5xOct8D2TbTMzZajFUmveLc=
github.com/theopenlane/core v0.8.4/go.mod h1:xqV7XkdnS0dXY/Ogezq0mIRY0//HObJ8oNByt0h7HKY=
github.com/theopenlane/core v0.8.5 h1:4M/zyPAK4dkN0zRlwOE14vTwTZO/tUZ8ANmnHqSl674=
github.com/theopenlane/core v0.8.5/go.mod h1:XLsBvbKr4F8SpAtALbwud97dAsUXPVTm1LDkdrT5Hfk=
github.com/theopenlane/core v0.8.6 h1:kUd/qqHescWP3P5mO1eLm0TrtMnxhRpeQc3P+84zpRM=
github.com/theopenlane/core v0.8.6/go.mod h1:RXs/CJk0PSJOH9+tpPc7utUUxmJpD4JXefDkrChllh4=
github.com/theopenlane/core v0.8.9 h1:nHLqb4m+4IoM+yVL8gCCYkf0mlsr+yVQGWKOITyfnLA=
github.com/theopenlane/core v0.8.9/go.mod h1:JLIzIg/ZN4tbvPPl1Xk0ubx+HygtJt8qkn+G49EP4yE=
github.com/theopenlane/core v0.8.12 h1:ixybXIccxpROidA/Z6glh7zWs2dSc76FxlRh70eSQIY=
github.com/theopenlane/core v0.8.12/go.mod h1:MtWkO5/2it+p23DOLA4JS6nFzZOLGMr2aoVkWEGCrJY=
github.com/theopenlane/core v0.10.0 h1:iFTltg45Bs4g9q+vg4e4izEdf3E1AgcRWJSgcfJBuKs=
github.com/theopenlane/core v0.10.0/go.mod h1:KH6pEYVALHM7RVF8jFvYQ1QQSuTkDJGdwauArzxvG0g=
github.com/theopenlane/echox v0.2.0 h1:s9DJJrsLOSPsXVfgmQxgXmSVtxzztBnSmcVX4ax7tIM=
github.com/theopenlane/echox v0.2.0/go.mod h1:nfxwQpwvqYYI/pFHJKDs3/HLvjYKEGCih4XDgLSma64=
github.com/theopenlane/echox v0.2.1 h1:ZhVkimmWxpKITf67oM57SrLWeIdnV8+dNXlC+VzlRaQ=
github.com/theopenlane/echox v0.2.1/go.mod h1:4j/Hx0uoLk5gVzdA83Qqz7xBEmqpoEP+OnzVaw2p6/o=
github.com/theopenlane/echox v0.2.3 h1:RlaEIFj03q9SR0YFmv7atlXtOe/5a3bRu4sF26pYSk0=
github.com/theopenlane/echox v0.2.3/go.mod h1:xM2ECZW3/KEXZPetd1QAmN4mR8RetSwhDaySEQj+CHk=
github.com/valyala/bytebufferpool v1.0.0 h1:GqA5TC/0021Y/b9FG4Oi9Mr3q7XYx6KllzawFIhcdPw=
github.com/valyala/bytebufferpool v1.0.0/go.mod h1:6bBcMArwyJ5K/AmCkWv1jt77kVWyCJ6HpOuEn7z0Csc=
github.com/valyala/fasttemplate v1.2.2 h1:lxLXG0uE3Qnshl9QyaK6XJxMXlQZELvChBOCmQD0Loo=
github.com/valyala/fasttemplate v1.2.2/go.mod h1:KHLXt3tVN2HBp8eijSv/kGJopbvo7S+qRAEEKiv+SiQ=
github.com/wk8/go-ordered-map/v2 v2.1.8 h1:5h/BUHu93oj4gIdvHHHGsScSTMijfx5PeYkE/fJgbpc=
github.com/wk8/go-ordered-map/v2 v2.1.8/go.mod h1:5nJHM5DyteebpVlHnWMV0rPz6Zp7+xBAnxjb1X5vnTw=
go.opentelemetry.io/auto/sdk v1.1.0 h1:cH53jehLUN6UFLY71z+NDOiNJqDdPRaXzTel0sJySYA=
go.opentelemetry.io/auto/sdk v1.1.0/go.mod h1:3wSPjt5PWp2RhlCcmmOial7AvC4DQqZb7a7wCow3W8A=
go.opentelemetry.io/otel v1.33.0 h1:/FerN9bax5LoK51X/sI0SVYrjSE0/yUL7DpxW4K3FWw=
go.opentelemetry.io/otel v1.33.0/go.mod h1:SUUkR6csvUQl+yjReHu5uM3EtVV7MBm5FHKRlNx4I8I=
go.opentelemetry.io/otel v1.34.0 h1:zRLXxLCgL1WyKsPVrgbSdMN4c0FMkDAskSTQP+0hdUY=
go.opentelemetry.io/otel v1.34.0/go.mod h1:OWFPOQ+h4G8xpyjgqo4SxJYdDQ/qmRH+wivy7zzx9oI=
go.opentelemetry.io/otel v1.35.0 h1:xKWKPxrxB6OtMCbmMY021CqC45J+3Onta9MqjhnusiQ=
go.opentelemetry.io/otel v1.35.0/go.mod h1:UEqy8Zp11hpkUrL73gSlELM0DupHoiq72dR+Zqel/+Y=
go.opentelemetry.io/otel v1.37.0 h1:9zhNfelUvx0KBfu/gb+ZgeAfAgtWrfHJZcAqFC228wQ=
go.opentelemetry.io/otel v1.37.0/go.mod h1:ehE/umFRLnuLa/vSccNq9oS1ErUlkkK71gMcN34UG8I=
go.opentelemetry.io/otel/exporters/otlp/otlptrace v1.33.0 h1:Vh5HayB/0HHfOQA7Ctx69E/Y/DcQSMPpKANYVMQ7fBA=
go.opentelemetry.io/otel/exporters/otlp/otlptrace v1.33.0/go.mod h1:cpgtDBaqD/6ok/UG0jT15/uKjAY8mRA53diogHBg3UI=
go.opentelemetry.io/otel/exporters/otlp/otlptrace v1.34.0 h1:OeNbIYk/2C15ckl7glBlOBp5+WlYsOElzTNmiPW/x60=
go.opentelemetry.io/otel/exporters/otlp/otlptrace v1.34.0/go.mod h1:7Bept48yIeqxP2OZ9/AqIpYS94h2or0aB4FypJTc8ZM=
go.opentelemetry.io/otel/exporters/otlp/otlptrace v1.35.0 h1:1fTNlAIJZGWLP5FVu0fikVry1IsiUnXjf7QFvoNN3Xw=
go.opentelemetry.io/otel/exporters/otlp/otlptrace v1.35.0/go.mod h1:zjPK58DtkqQFn+YUMbx0M2XV3QgKU0gS9LeGohREyK4=
go.opentelemetry.io/otel/exporters/otlp/otlptrace v1.37.0 h1:Ahq7pZmv87yiyn3jeFz/LekZmPLLdKejuO3NcK9MssM=
go.opentelemetry.io/otel/exporters/otlp/otlptrace v1.37.0/go.mod h1:MJTqhM0im3mRLw1i8uGHnCvUEeS7VwRyxlLC78PA18M=
go.opentelemetry.io/otel/exporters/otlp/otlptrace/otlptracegrpc v1.33.0 h1:5pojmb1U1AogINhN3SurB+zm/nIcusopeBNp42f45QM=
go.opentelemetry.io/otel/exporters/otlp/otlptrace/otlptracegrpc v1.33.0/go.mod h1:57gTHJSE5S1tqg+EKsLPlTWhpHMsWlVmer+LA926XiA=
go.opentelemetry.io/otel/exporters/otlp/otlptrace/otlptracegrpc v1.34.0 h1:tgJ0uaNS4c98WRNUEx5U3aDlrDOI5Rs+1Vifcw4DJ8U=
go.opentelemetry.io/otel/exporters/otlp/otlptrace/otlptracegrpc v1.34.0/go.mod h1:U7HYyW0zt/a9x5J1Kjs+r1f/d4ZHnYFclhYY2+YbeoE=
go.opentelemetry.io/otel/exporters/otlp/otlptrace/otlptracegrpc v1.35.0 h1:m639+BofXTvcY1q8CGs4ItwQarYtJPOWmVobfM1HpVI=
go.opentelemetry.io/otel/exporters/otlp/otlptrace/otlptracegrpc v1.35.0/go.mod h1:LjReUci/F4BUyv+y4dwnq3h/26iNOeC3wAIqgvTIZVo=
go.opentelemetry.io/otel/exporters/otlp/otlptrace/otlptracegrpc v1.37.0 h1:EtFWSnwW9hGObjkIdmlnWSydO+Qs8OwzfzXLUPg4xOc=
go.opentelemetry.io/otel/exporters/otlp/otlptrace/otlptracegrpc v1.37.0/go.mod h1:QjUEoiGCPkvFZ/MjK6ZZfNOS6mfVEVKYE99dFhuN2LI=
go.opentelemetry.io/otel/exporters/otlp/otlptrace/otlptracehttp v1.33.0 h1:wpMfgF8E1rkrT1Z6meFh1NDtownE9Ii3n3X2GJYjsaU=
go.opentelemetry.io/otel/exporters/otlp/otlptrace/otlptracehttp v1.33.0/go.mod h1:wAy0T/dUbs468uOlkT31xjvqQgEVXv58BRFWEgn5v/0=
go.opentelemetry.io/otel/exporters/otlp/otlptrace/otlptracehttp v1.35.0 h1:xJ2qHD0C1BeYVTLLR9sX12+Qb95kfeD/byKj6Ky1pXg=
go.opentelemetry.io/otel/exporters/otlp/otlptrace/otlptracehttp v1.35.0/go.mod h1:u5BF1xyjstDowA1R5QAO9JHzqK+ublenEW/dyqTjBVk=
go.opentelemetry.io/otel/exporters/otlp/otlptrace/otlptracehttp v1.37.0 h1:bDMKF3RUSxshZ5OjOTi8rsHGaPKsAt76FaqgvIUySLc=
go.opentelemetry.io/otel/exporters/otlp/otlptrace/otlptracehttp v1.37.0/go.mod h1:dDT67G/IkA46Mr2l9Uj7HsQVwsjASyV9SjGofsiUZDA=
go.opentelemetry.io/otel/exporters/stdout/stdouttrace v1.33.0 h1:W5AWUn/IVe8RFb5pZx1Uh9Laf/4+Qmm4kJL5zPuvR+0=
go.opentelemetry.io/otel/exporters/stdout/stdouttrace v1.33.0/go.mod h1:mzKxJywMNBdEX8TSJais3NnsVZUaJ+bAy6UxPTng2vk=
go.opentelemetry.io/otel/exporters/stdout/stdouttrace v1.35.0 h1:T0Ec2E+3YZf5bgTNQVet8iTDW7oIk03tXHq+wkwIDnE=
go.opentelemetry.io/otel/exporters/stdout/stdouttrace v1.35.0/go.mod h1:30v2gqH+vYGJsesLWFov8u47EpYTcIQcBjKpI6pJThg=
go.opentelemetry.io/otel/exporters/stdout/stdouttrace v1.37.0 h1:SNhVp/9q4Go/XHBkQ1/d5u9P/U+L1yaGPoi0x+mStaI=
go.opentelemetry.io/otel/exporters/stdout/stdouttrace v1.37.0/go.mod h1:tx8OOlGH6R4kLV67YaYO44GFXloEjGPZuMjEkaaqIp4=
go.opentelemetry.io/otel/metric v1.33.0 h1:r+JOocAyeRVXD8lZpjdQjzMadVZp2M4WmQ+5WtEnklQ=
go.opentelemetry.io/otel/metric v1.33.0/go.mod h1:L9+Fyctbp6HFTddIxClbQkjtubW6O9QS3Ann/M82u6M=
go.opentelemetry.io/otel/metric v1.34.0 h1:+eTR3U0MyfWjRDhmFMxe2SsW64QrZ84AOhvqS7Y+PoQ=
go.opentelemetry.io/otel/metric v1.34.0/go.mod h1:CEDrp0fy2D0MvkXE+dPV7cMi8tWZwX3dmaIhwPOaqHE=
go.opentelemetry.io/otel/metric v1.35.0 h1:0znxYu2SNyuMSQT4Y9WDWej0VpcsxkuklLa4/siN90M=
go.opentelemetry.io/otel/metric v1.35.0/go.mod h1:nKVFgxBZ2fReX6IlyW28MgZojkoAkJGaE8CpgeAU3oE=
go.opentelemetry.io/otel/metric v1.37.0 h1:mvwbQS5m0tbmqML4NqK+e3aDiO02vsf/WgbsdpcPoZE=
go.opentelemetry.io/otel/metric v1.37.0/go.mod h1:04wGrZurHYKOc+RKeye86GwKiTb9FKm1WHtO+4EVr2E=
go.opentelemetry.io/otel/sdk v1.33.0 h1:iax7M131HuAm9QkZotNHEfstof92xM+N8sr3uHXc2IM=
go.opentelemetry.io/otel/sdk v1.33.0/go.mod h1:A1Q5oi7/9XaMlIWzPSxLRWOI8nG3FnzHJNbiENQuihM=
go.opentelemetry.io/otel/sdk v1.34.0 h1:95zS4k/2GOy069d321O8jWgYsW3MzVV+KuSPKp7Wr1A=
go.opentelemetry.io/otel/sdk v1.34.0/go.mod h1:0e/pNiaMAqaykJGKbi+tSjWfNNHMTxoC9qANsCzbyxU=
go.opentelemetry.io/otel/sdk v1.35.0 h1:iPctf8iprVySXSKJffSS79eOjl9pvxV9ZqOWT0QejKY=
go.opentelemetry.io/otel/sdk v1.35.0/go.mod h1:+ga1bZliga3DxJ3CQGg3updiaAJoNECOgJREo9KHGQg=
go.opentelemetry.io/otel/sdk v1.37.0 h1:ItB0QUqnjesGRvNcmAcU0LyvkVyGJ2xftD29bWdDvKI=
go.opentelemetry.io/otel/sdk v1.37.0/go.mod h1:VredYzxUvuo2q3WRcDnKDjbdvmO0sCzOvVAiY+yUkAg=
go.opentelemetry.io/otel/trace v1.33.0 h1:cCJuF7LRjUFso9LPnEAHJDB2pqzp+hbO8eu1qqW2d/s=
go.opentelemetry.io/otel/trace v1.33.0/go.mod h1:uIcdVUZMpTAmz0tI1z04GoVSezK37CbGV4fr1f2nBck=
go.opentelemetry.io/otel/trace v1.34.0 h1:+ouXS2V8Rd4hp4580a8q23bg0azF2nI8cqLYnC8mh/k=
go.opentelemetry.io/otel/trace v1.34.0/go.mod h1:Svm7lSjQD7kG7KJ/MUHPVXSDGz2OX4h0M2jHBhmSfRE=
go.opentelemetry.io/otel/trace v1.35.0 h1:dPpEfJu1sDIqruz7BHFG3c7528f6ddfSWfFDVt/xgMs=
go.opentelemetry.io/otel/trace v1.35.0/go.mod h1:WUk7DtFp1Aw2MkvqGdwiXYDZZNvA/1J8o6xRXLrIkyc=
go.opentelemetry.io/otel/trace v1.37.0 h1:HLdcFNbRQBE2imdSEgm/kwqmQj1Or1l/7bW6mxVK7z4=
go.opentelemetry.io/otel/trace v1.37.0/go.mod h1:TlgrlQ+PtQO5XFerSPUYG0JSgGyryXewPGyayAWSBS0=
go.opentelemetry.io/proto/otlp v1.4.0 h1:TA9WRvW6zMwP+Ssb6fLoUIuirti1gGbP28GcKG1jgeg=
go.opentelemetry.io/proto/otlp v1.4.0/go.mod h1:PPBWZIP98o2ElSqI35IHfu7hIhSwvc5N38Jw8pXuGFY=
go.opentelemetry.io/proto/otlp v1.5.0 h1:xJvq7gMzB31/d406fB8U5CBdyQGw4P399D1aQWU/3i4=
go.opentelemetry.io/proto/otlp v1.5.0/go.mod h1:keN8WnHxOy8PG0rQZjJJ5A2ebUoafqWp0eVQ4yIXvJ4=
go.opentelemetry.io/proto/otlp v1.7.0 h1:jX1VolD6nHuFzOYso2E73H85i92Mv8JQYk0K9vz09os=
go.opentelemetry.io/proto/otlp v1.7.0/go.mod h1:fSKjH6YJ7HDlwzltzyMj036AJ3ejJLCgCSHGj4efDDo=
go.uber.org/goleak v1.3.0 h1:2K3zAYmnTNqV73imy9J1T3WC+gmCePx2hEGkimedGto=
go.uber.org/goleak v1.3.0/go.mod h1:CoHD4mav9JJNrW/WLlf7HGZPjdw8EucARQHekz1X6bE=
golang.org/x/net v0.33.0 h1:74SYHlV8BIgHIFC/LrYkOGIwL19eTYXQ5wc6TBuO36I=
golang.org/x/net v0.33.0/go.mod h1:HXLR5J+9DxmrqMwG9qjGCxZ+zKXxBru04zlTvWlWuN4=
golang.org/x/net v0.34.0 h1:Mb7Mrk043xzHgnRM88suvJFwzVrRfHEHJEl5/71CKw0=
golang.org/x/net v0.34.0/go.mod h1:di0qlW3YNM5oh6GqDGQr92MyTozJPmybPK4Ev/Gm31k=
golang.org/x/net v0.35.0 h1:T5GQRQb2y08kTAByq9L4/bz8cipCdA8FbRTXewonqY8=
golang.org/x/net v0.35.0/go.mod h1:EglIi67kWsHKlRzzVMUD93VMSWGFOMSZgxFjparz1Qk=
golang.org/x/net v0.37.0 h1:1zLorHbz+LYj7MQlSf1+2tPIIgibq2eL5xkrGk6f+2c=
golang.org/x/net v0.37.0/go.mod h1:ivrbrMbzFq5J41QOQh0siUuly180yBYtLp+CKbEaFx8=
golang.org/x/net v0.38.0 h1:vRMAPTMaeGqVhG5QyLJHqNDwecKTomGeqbnfZyKlBI8=
golang.org/x/net v0.38.0/go.mod h1:ivrbrMbzFq5J41QOQh0siUuly180yBYtLp+CKbEaFx8=
golang.org/x/net v0.39.0 h1:ZCu7HMWDxpXpaiKdhzIfaltL9Lp31x/3fCP11bc6/fY=
golang.org/x/net v0.39.0/go.mod h1:X7NRbYVEA+ewNkCNyJ513WmMdQ3BineSwVtN2zD/d+E=
golang.org/x/net v0.41.0 h1:vBTly1HeNPEn3wtREYfy4GZ/NECgw2Cnl+nK6Nz3uvw=
golang.org/x/net v0.41.0/go.mod h1:B/K4NNqkfmg07DQYrbwvSluqCJOOXwUjeb/5lOisjbA=
golang.org/x/sys v0.29.0 h1:TPYlXGxvx1MGTn2GiZDhnjPA9wZzZeGKHHmKhHYvgaU=
golang.org/x/sys v0.29.0/go.mod h1:/VUhepiaJMQUp4+oa/7Zr1D23ma6VTLIYjOOTFZPUcA=
golang.org/x/sys v0.30.0 h1:QjkSwP/36a20jFYWkSue1YwXzLmsV5Gfq7Eiy72C1uc=
golang.org/x/sys v0.30.0/go.mod h1:/VUhepiaJMQUp4+oa/7Zr1D23ma6VTLIYjOOTFZPUcA=
golang.org/x/sys v0.31.0 h1:ioabZlmFYtWhL+TRYpcnNlLwhyxaM9kWTDEmfnprqik=
golang.org/x/sys v0.31.0/go.mod h1:BJP2sWEmIv4KK5OTEluFJCKSidICx8ciO85XgH3Ak8k=
golang.org/x/sys v0.32.0 h1:s77OFDvIQeibCmezSnk/q6iAfkdiQaJi4VzroCFrN20=
golang.org/x/sys v0.32.0/go.mod h1:BJP2sWEmIv4KK5OTEluFJCKSidICx8ciO85XgH3Ak8k=
golang.org/x/sys v0.33.0 h1:q3i8TbbEz+JRD9ywIRlyRAQbM0qF7hu24q3teo2hbuw=
golang.org/x/sys v0.33.0/go.mod h1:BJP2sWEmIv4KK5OTEluFJCKSidICx8ciO85XgH3Ak8k=
golang.org/x/text v0.21.0 h1:zyQAAkrwaneQ066sspRyJaG9VNi/YJ1NfzcGB3hZ/qo=
golang.org/x/text v0.21.0/go.mod h1:4IBbMaMmOPCJ8SecivzSH54+73PCFmPWxNTLm+vZkEQ=
golang.org/x/text v0.22.0 h1:bofq7m3/HAFvbF51jz3Q9wLg3jkvSPuiZu/pD1XwgtM=
golang.org/x/text v0.22.0/go.mod h1:YRoo4H8PVmsu+E3Ou7cqLVH8oXWIHVoX0jqUWALQhfY=
golang.org/x/text v0.23.0 h1:D71I7dUrlY+VX0gQShAThNGHFxZ13dGLBHQLVl1mJlY=
golang.org/x/text v0.23.0/go.mod h1:/BLNzu4aZCJ1+kcD0DNRotWKage4q2rGVAg4o22unh4=
golang.org/x/text v0.24.0 h1:dd5Bzh4yt5KYA8f9CJHCP4FB4D51c2c6JvN37xJJkJ0=
golang.org/x/text v0.24.0/go.mod h1:L8rBsPeo2pSS+xqN0d5u2ikmjtmoJbDBT1b7nHvFCdU=
golang.org/x/text v0.26.0 h1:P42AVeLghgTYr4+xUnTRKDMqpar+PtX7KWuNQL21L8M=
golang.org/x/text v0.26.0/go.mod h1:QK15LZJUUQVJxhz7wXgxSy/CJaTFjd0G+YLonydOVQA=
golang.org/x/time v0.8.0 h1:9i3RxcPv3PZnitoVGMPDKZSq1xW1gK1Xy3ArNOGZfEg=
golang.org/x/time v0.8.0/go.mod h1:3BpzKBy/shNhVucY/MWOyx10tF3SFh9QdLuxbVysPQM=
golang.org/x/time v0.9.0 h1:EsRrnYcQiGH+5FfbgvV4AP7qEZstoyrHB0DzarOQ4ZY=
golang.org/x/time v0.9.0/go.mod h1:3BpzKBy/shNhVucY/MWOyx10tF3SFh9QdLuxbVysPQM=
golang.org/x/time v0.10.0 h1:3usCWA8tQn0L8+hFJQNgzpWbd89begxN66o1Ojdn5L4=
golang.org/x/time v0.10.0/go.mod h1:3BpzKBy/shNhVucY/MWOyx10tF3SFh9QdLuxbVysPQM=
golang.org/x/time v0.11.0 h1:/bpjEDfN9tkoN/ryeYHnv5hcMlc8ncjMcM4XBk5NWV0=
golang.org/x/time v0.11.0/go.mod h1:CDIdPxbZBQxdj6cxyCIdrNogrJKMJ7pr37NYpMcMDSg=
google.golang.org/genproto/googleapis/api v0.0.0-20241209162323-e6fa225c2576 h1:CkkIfIt50+lT6NHAVoRYEyAvQGFM7xEwXUUywFvEb3Q=
google.golang.org/genproto/googleapis/api v0.0.0-20241209162323-e6fa225c2576/go.mod h1:1R3kvZ1dtP3+4p4d3G8uJ8rFk/fWlScl38vanWACI08=
google.golang.org/genproto/googleapis/api v0.0.0-20250102185135-69823020774d h1:H8tOf8XM88HvKqLTxe755haY6r1fqqzLbEnfrmLXlSA=
google.golang.org/genproto/googleapis/api v0.0.0-20250102185135-69823020774d/go.mod h1:2v7Z7gP2ZUOGsaFyxATQSRoBnKygqVq2Cwnvom7QiqY=
google.golang.org/genproto/googleapis/api v0.0.0-20250115164207-1a7da9e5054f h1:gap6+3Gk41EItBuyi4XX/bp4oqJ3UwuIMl25yGinuAA=
google.golang.org/genproto/googleapis/api v0.0.0-20250115164207-1a7da9e5054f/go.mod h1:Ic02D47M+zbarjYYUlK57y316f2MoN0gjAwI3f2S95o=
google.golang.org/genproto/googleapis/api v0.0.0-20250204164813-702378808489 h1:fCuMM4fowGzigT89NCIsW57Pk9k2D12MMi2ODn+Nk+o=
google.golang.org/genproto/googleapis/api v0.0.0-20250204164813-702378808489/go.mod h1:iYONQfRdizDB8JJBybql13nArx91jcUk7zCXEsOofM4=
google.golang.org/genproto/googleapis/api v0.0.0-20250303144028-a0af3efb3deb h1:p31xT4yrYrSM/G4Sn2+TNUkVhFCbG9y8itM2S6Th950=
google.golang.org/genproto/googleapis/api v0.0.0-20250303144028-a0af3efb3deb/go.mod h1:jbe3Bkdp+Dh2IrslsFCklNhweNTBgSYanP1UXhJDhKg=
google.golang.org/genproto/googleapis/api v0.0.0-20250324211829-b45e905df463 h1:hE3bRWtU6uceqlh4fhrSnUyjKHMKB9KrTLLG+bc0ddM=
google.golang.org/genproto/googleapis/api v0.0.0-20250324211829-b45e905df463/go.mod h1:U90ffi8eUL9MwPcrJylN5+Mk2v3vuPDptd5yyNUiRR8=
google.golang.org/genproto/googleapis/api v0.0.0-20250603155806-513f23925822 h1:oWVWY3NzT7KJppx2UKhKmzPq4SRe0LdCijVRwvGeikY=
google.golang.org/genproto/googleapis/api v0.0.0-20250603155806-513f23925822/go.mod h1:h3c4v36UTKzUiuaOKQ6gr3S+0hovBtUrXzTG/i3+XEc=
google.golang.org/genproto/googleapis/rpc v0.0.0-20241209162323-e6fa225c2576 h1:8ZmaLZE4XWrtU3MyClkYqqtl6Oegr3235h7jxsDyqCY=
google.golang.org/genproto/googleapis/rpc v0.0.0-20241209162323-e6fa225c2576/go.mod h1:5uTbfoYQed2U9p3KIj2/Zzm02PYhndfdmML0qC3q3FU=
google.golang.org/genproto/googleapis/rpc v0.0.0-20250106144421-5f5ef82da422 h1:3UsHvIr4Wc2aW4brOaSCmcxh9ksica6fHEr8P1XhkYw=
google.golang.org/genproto/googleapis/rpc v0.0.0-20250106144421-5f5ef82da422/go.mod h1:3ENsm/5D1mzDyhpzeRi1NR784I0BcofWBoSc5QqqMK4=
google.golang.org/genproto/googleapis/rpc v0.0.0-20250124145028-65684f501c47 h1:91mG8dNTpkC0uChJUQ9zCiRqx3GEEFOWaRZ0mI6Oj2I=
google.golang.org/genproto/googleapis/rpc v0.0.0-20250124145028-65684f501c47/go.mod h1:+2Yz8+CLJbIfL9z73EW45avw8Lmge3xVElCP9zEKi50=
google.golang.org/genproto/googleapis/rpc v0.0.0-20250212204824-5a70512c5d8b h1:FQtJ1MxbXoIIrZHZ33M+w5+dAP9o86rgpjoKr/ZmT7k=
google.golang.org/genproto/googleapis/rpc v0.0.0-20250212204824-5a70512c5d8b/go.mod h1:8BS3B93F/U1juMFq9+EDk+qOT5CO1R9IzXxG3PTqiRk=
google.golang.org/genproto/googleapis/rpc v0.0.0-20250219182151-9fdb1cabc7b2 h1:DMTIbak9GhdaSxEjvVzAeNZvyc03I61duqNbnm3SU0M=
google.golang.org/genproto/googleapis/rpc v0.0.0-20250219182151-9fdb1cabc7b2/go.mod h1:LuRYeWDFV6WOn90g357N17oMCaxpgCnbi/44qJvDn2I=
google.golang.org/genproto/googleapis/rpc v0.0.0-20250303144028-a0af3efb3deb h1:TLPQVbx1GJ8VKZxz52VAxl1EBgKXXbTiU9Fc5fZeLn4=
google.golang.org/genproto/googleapis/rpc v0.0.0-20250303144028-a0af3efb3deb/go.mod h1:LuRYeWDFV6WOn90g357N17oMCaxpgCnbi/44qJvDn2I=
google.golang.org/genproto/googleapis/rpc v0.0.0-20250313205543-e70fdf4c4cb4 h1:iK2jbkWL86DXjEx0qiHcRE9dE4/Ahua5k6V8OWFb//c=
google.golang.org/genproto/googleapis/rpc v0.0.0-20250313205543-e70fdf4c4cb4/go.mod h1:LuRYeWDFV6WOn90g357N17oMCaxpgCnbi/44qJvDn2I=
google.golang.org/genproto/googleapis/rpc v0.0.0-20250324211829-b45e905df463 h1:e0AIkUUhxyBKh6ssZNrAMeqhA7RKUj42346d1y02i2g=
google.golang.org/genproto/googleapis/rpc v0.0.0-20250324211829-b45e905df463/go.mod h1:qQ0YXyHHx3XkvlzUtpXDkS29lDSafHMZBAZDc03LQ3A=
google.golang.org/genproto/googleapis/rpc v0.0.0-20250603155806-513f23925822 h1:fc6jSaCT0vBduLYZHYrBBNY4dsWuvgyff9noRNDdBeE=
google.golang.org/genproto/googleapis/rpc v0.0.0-20250603155806-513f23925822/go.mod h1:qQ0YXyHHx3XkvlzUtpXDkS29lDSafHMZBAZDc03LQ3A=
google.golang.org/grpc v1.68.1 h1:oI5oTa11+ng8r8XMMN7jAOmWfPZWbYpCFaMUTACxkM0=
google.golang.org/grpc v1.68.1/go.mod h1:+q1XYFJjShcqn0QZHvCyeR4CXPA+llXIeUIfIe00waw=
google.golang.org/grpc v1.69.2 h1:U3S9QEtbXC0bYNvRtcoklF3xGtLViumSYxWykJS+7AU=
google.golang.org/grpc v1.69.2/go.mod h1:vyjdE6jLBI76dgpDojsFGNaHlxdjXN9ghpnd2o7JGZ4=
google.golang.org/grpc v1.69.4 h1:MF5TftSMkd8GLw/m0KM6V8CMOCY6NZ1NQDPGFgbTt4A=
google.golang.org/grpc v1.69.4/go.mod h1:vyjdE6jLBI76dgpDojsFGNaHlxdjXN9ghpnd2o7JGZ4=
google.golang.org/grpc v1.70.0 h1:pWFv03aZoHzlRKHWicjsZytKAiYCtNS0dHbXnIdq7jQ=
google.golang.org/grpc v1.70.0/go.mod h1:ofIJqVKDXx/JiXrwr2IG4/zwdH9txy3IlF40RmcJSQw=
google.golang.org/grpc v1.71.0 h1:kF77BGdPTQ4/JZWMlb9VpJ5pa25aqvVqogsxNHHdeBg=
google.golang.org/grpc v1.71.0/go.mod h1:H0GRtasmQOh9LkFoCPDu3ZrwUtD1YGE+b2vYBYd/8Ec=
google.golang.org/grpc v1.73.0 h1:VIWSmpI2MegBtTuFt5/JWy2oXxtjJ/e89Z70ImfD2ok=
google.golang.org/grpc v1.73.0/go.mod h1:50sbHOUqWoCQGI8V2HQLJM0B+LMlIUjNSZmow7EVBQc=
google.golang.org/protobuf v1.36.1 h1:yBPeRvTftaleIgM3PZ/WBIZ7XM/eEYAaEyCwvyjq/gk=
google.golang.org/protobuf v1.36.1/go.mod h1:9fA7Ob0pmnwhb644+1+CVWFRbNajQ6iRojtC/QF5bRE=
google.golang.org/protobuf v1.36.2 h1:R8FeyR1/eLmkutZOM5CWghmo5itiG9z0ktFlTVLuTmU=
google.golang.org/protobuf v1.36.2/go.mod h1:9fA7Ob0pmnwhb644+1+CVWFRbNajQ6iRojtC/QF5bRE=
google.golang.org/protobuf v1.36.3 h1:82DV7MYdb8anAVi3qge1wSnMDrnKK7ebr+I0hHRN1BU=
google.golang.org/protobuf v1.36.3/go.mod h1:9fA7Ob0pmnwhb644+1+CVWFRbNajQ6iRojtC/QF5bRE=
google.golang.org/protobuf v1.36.4 h1:6A3ZDJHn/eNqc1i+IdefRzy/9PokBTPvcqMySR7NNIM=
google.golang.org/protobuf v1.36.4/go.mod h1:9fA7Ob0pmnwhb644+1+CVWFRbNajQ6iRojtC/QF5bRE=
google.golang.org/protobuf v1.36.5 h1:tPhr+woSbjfYvY6/GPufUoYizxw1cF/yFoxJ2fmpwlM=
google.golang.org/protobuf v1.36.5/go.mod h1:9fA7Ob0pmnwhb644+1+CVWFRbNajQ6iRojtC/QF5bRE=
google.golang.org/protobuf v1.36.6 h1:z1NpPI8ku2WgiWnf+t9wTPsn6eP1L7ksHUlkfLvd9xY=
google.golang.org/protobuf v1.36.6/go.mod h1:jduwjTPXsFjZGTmRluh+L6NjiWu7pchiJ2/5YcXBHnY=
gopkg.in/check.v1 v0.0.0-20161208181325-20d25e280405/go.mod h1:Co6ibVJAznAaIkqp8huTwlJQCZ016jof/cbN4VW5Yz0=
gopkg.in/check.v1 v1.0.0-20200227125254-8fa46927fb4f/go.mod h1:Co6ibVJAznAaIkqp8huTwlJQCZ016jof/cbN4VW5Yz0=
gopkg.in/check.v1 v1.0.0-20201130134442-10cb98267c6c h1:Hei/4ADfdWqJk1ZMxUNpqntNwaWcugrBjAiHlqqRiVk=
gopkg.in/check.v1 v1.0.0-20201130134442-10cb98267c6c/go.mod h1:JHkPIbrfpd72SG/EVd6muEfDQjcINNoR0C8j2r3qZ4Q=
gopkg.in/yaml.v3 v3.0.0-20200313102051-9f266ea9e77c/go.mod h1:K4uyk7z7BCEPqu6E+C64Yfv1cQ7kz7rIZviUmN+EgEM=
gopkg.in/yaml.v3 v3.0.1 h1:fxVm/GzAzEWqLHuvctI91KS9hhNmmWOoWu0XTYJS7CA=
gopkg.in/yaml.v3 v3.0.1/go.mod h1:K4uyk7z7BCEPqu6E+C64Yfv1cQ7kz7rIZviUmN+EgEM=
